
Microsoft Visual Studio Solution File, Format Version 12.00
# Visual Studio 2013
VisualStudioVersion = 12.0.31101.0
MinimumVisualStudioVersion = 10.0.40219.1
Project("{2150E333-8FDC-42A3-9474-1A3956D46DE8}") = "02_Commons.Collections", "02_Commons.Collections", "{C4B256A4-A2BA-45D2-ADD6-4CFC267C4AF3}"
EndProject
Project("{FAE04EC0-301F-11D3-BF4B-00C04F79EFBC}") = "Commons.Collections", "Commons.Collections\Commons.Collections.csproj", "{E8221711-1B2B-4ED7-B359-9A5D990B3ABD}"
	ProjectSection(ProjectDependencies) = postProject
		{EA220245-82AC-455E-B108-70D48F43AC2B} = {EA220245-82AC-455E-B108-70D48F43AC2B}
	EndProjectSection
EndProject
Project("{2150E333-8FDC-42A3-9474-1A3956D46DE8}") = "99_Test.Commons", "99_Test.Commons", "{C86E7139-E80B-4865-B621-91D32B374C84}"
EndProject
Project("{FAE04EC0-301F-11D3-BF4B-00C04F79EFBC}") = "Test.Commons", "Test.Commons\Test.Commons.csproj", "{0564B84F-2300-42CC-97BD-50411F37FADC}"
	ProjectSection(ProjectDependencies) = postProject
		{1EEB9B63-C564-4C51-A88B-5D253BC68C99} = {1EEB9B63-C564-4C51-A88B-5D253BC68C99}
	EndProjectSection
EndProject
Project("{2150E333-8FDC-42A3-9474-1A3956D46DE8}") = ".nuget", ".nuget", "{5E81121B-4B33-4820-92AA-0703BF264687}"
	ProjectSection(SolutionItems) = preProject
		.nuget\NuGet.Config = .nuget\NuGet.Config
		.nuget\NuGet.exe = .nuget\NuGet.exe
		.nuget\NuGet.targets = .nuget\NuGet.targets
	EndProjectSection
EndProject
Project("{2150E333-8FDC-42A3-9474-1A3956D46DE8}") = "01_Commons.Utils", "01_Commons.Utils", "{984AF548-3612-40F4-A5D9-F3AF16D2DA6A}"
EndProject
Project("{FAE04EC0-301F-11D3-BF4B-00C04F79EFBC}") = "Commons.Utils", "Commons.Utils\Commons.Utils.csproj", "{EA220245-82AC-455E-B108-70D48F43AC2B}"
EndProject
Project("{2150E333-8FDC-42A3-9474-1A3956D46DE8}") = "03_Commons.Json", "03_Commons.Json", "{657A8C3E-73F2-445E-918B-4ED95882D18F}"
EndProject
Project("{FAE04EC0-301F-11D3-BF4B-00C04F79EFBC}") = "Commons.Json", "Commons.Json\Commons.Json.csproj", "{1EEB9B63-C564-4C51-A88B-5D253BC68C99}"
EndProject
Project("{2150E333-8FDC-42A3-9474-1A3956D46DE8}") = "04_Commons.Patterns", "04_Commons.Patterns", "{99B0AA79-415A-4C2D-AC5E-F092EBB630EF}"
EndProject
Project("{FAE04EC0-301F-11D3-BF4B-00C04F79EFBC}") = "Commons.Pool", "Commons.Patterns\Commons.Pool.csproj", "{1C0B57BF-8039-49BD-A641-6FF9E6860530}"
EndProject
Global
	GlobalSection(SolutionConfigurationPlatforms) = preSolution
		Debug|Any CPU = Debug|Any CPU
		Release|Any CPU = Release|Any CPU
	EndGlobalSection
	GlobalSection(ProjectConfigurationPlatforms) = postSolution
		{E8221711-1B2B-4ED7-B359-9A5D990B3ABD}.Debug|Any CPU.ActiveCfg = Debug|Any CPU
		{E8221711-1B2B-4ED7-B359-9A5D990B3ABD}.Debug|Any CPU.Build.0 = Debug|Any CPU
		{E8221711-1B2B-4ED7-B359-9A5D990B3ABD}.Release|Any CPU.ActiveCfg = Release|Any CPU
		{E8221711-1B2B-4ED7-B359-9A5D990B3ABD}.Release|Any CPU.Build.0 = Release|Any CPU
		{0564B84F-2300-42CC-97BD-50411F37FADC}.Debug|Any CPU.ActiveCfg = Debug|Any CPU
		{0564B84F-2300-42CC-97BD-50411F37FADC}.Debug|Any CPU.Build.0 = Debug|Any CPU
		{0564B84F-2300-42CC-97BD-50411F37FADC}.Release|Any CPU.ActiveCfg = Release|Any CPU
		{0564B84F-2300-42CC-97BD-50411F37FADC}.Release|Any CPU.Build.0 = Release|Any CPU
		{EA220245-82AC-455E-B108-70D48F43AC2B}.Debug|Any CPU.ActiveCfg = Debug|Any CPU
		{EA220245-82AC-455E-B108-70D48F43AC2B}.Debug|Any CPU.Build.0 = Debug|Any CPU
		{EA220245-82AC-455E-B108-70D48F43AC2B}.Release|Any CPU.ActiveCfg = Release|Any CPU
		{EA220245-82AC-455E-B108-70D48F43AC2B}.Release|Any CPU.Build.0 = Release|Any CPU
		{1EEB9B63-C564-4C51-A88B-5D253BC68C99}.Debug|Any CPU.ActiveCfg = Debug|Any CPU
		{1EEB9B63-C564-4C51-A88B-5D253BC68C99}.Debug|Any CPU.Build.0 = Debug|Any CPU
		{1EEB9B63-C564-4C51-A88B-5D253BC68C99}.Release|Any CPU.ActiveCfg = Release|Any CPU
		{1EEB9B63-C564-4C51-A88B-5D253BC68C99}.Release|Any CPU.Build.0 = Release|Any CPU
		{1C0B57BF-8039-49BD-A641-6FF9E6860530}.Debug|Any CPU.ActiveCfg = Debug|Any CPU
		{1C0B57BF-8039-49BD-A641-6FF9E6860530}.Debug|Any CPU.Build.0 = Debug|Any CPU
		{1C0B57BF-8039-49BD-A641-6FF9E6860530}.Release|Any CPU.ActiveCfg = Release|Any CPU
		{1C0B57BF-8039-49BD-A641-6FF9E6860530}.Release|Any CPU.Build.0 = Release|Any CPU
	EndGlobalSection
	GlobalSection(SolutionProperties) = preSolution
		HideSolutionNode = FALSE
	EndGlobalSection
	GlobalSection(NestedProjects) = preSolution
		{E8221711-1B2B-4ED7-B359-9A5D990B3ABD} = {C4B256A4-A2BA-45D2-ADD6-4CFC267C4AF3}
		{0564B84F-2300-42CC-97BD-50411F37FADC} = {C86E7139-E80B-4865-B621-91D32B374C84}
		{EA220245-82AC-455E-B108-70D48F43AC2B} = {984AF548-3612-40F4-A5D9-F3AF16D2DA6A}
		{1EEB9B63-C564-4C51-A88B-5D253BC68C99} = {657A8C3E-73F2-445E-918B-4ED95882D18F}
		{1C0B57BF-8039-49BD-A641-6FF9E6860530} = {99B0AA79-415A-4C2D-AC5E-F092EBB630EF}
	EndGlobalSection
EndGlobal
